
Microsoft Visual Studio Solution File, Format Version 12.00
# Visual Studio Version 16
VisualStudioVersion = 16.0.30104.148
MinimumVisualStudioVersion = 10.0.40219.1
Project("{9A19103F-16F7-4668-BE54-9A1E7A4F7556}") = "OldestFamilyMember", "OldestFamilyMember.csproj", "{C6EC0F00-E128-486A-8179-77C02C995281}"
EndProject
Global
	GlobalSection(SolutionConfigurationPlatforms) = preSolution
		Debug|Any CPU = Debug|Any CPU
		Release|Any CPU = Release|Any CPU
	EndGlobalSection
	GlobalSection(ProjectConfigurationPlatforms) = postSolution
		{C6EC0F00-E128-486A-8179-77C02C995281}.Debug|Any CPU.ActiveCfg = Debug|Any CPU
		{C6EC0F00-E128-486A-8179-77C02C995281}.Debug|Any CPU.Build.0 = Debug|Any CPU
		{C6EC0F00-E128-486A-8179-77C02C995281}.Release|Any CPU.ActiveCfg = Release|Any CPU
		{C6EC0F00-E128-486A-8179-77C02C995281}.Release|Any CPU.Build.0 = Release|Any CPU
	EndGlobalSection
	GlobalSection(SolutionProperties) = preSolution
		HideSolutionNode = FALSE
	EndGlobalSection
	GlobalSection(ExtensibilityGlobals) = postSolution
		SolutionGuid = {E1237FF2-D624-4A15-AA0F-35A41DD2370A}
	EndGlobalSection
EndGlobal
